{
  "name": "mayani",
  "version": "1.0.0",
  "lockfileVersion": 1,
  "requires": true,
  "dependencies": {
    "zipcodes-ph": {
      "version": "1.0.0",
      "resolved": "https://registry.npmjs.org/zipcodes-ph/-/zipcodes-ph-1.0.0.tgz",
      "integrity": "sha512-jqnOHphsWoAt5MUnAYDHAaWj26HACRXrjmfI5BCYrCt560tKtwRrmjxEyU/zER8P0mwz7rXREd/vymn4l20BZw=="
    }
  }
}
